github.com/usalko/s2d3/utils v0.1.0-alpha.2 h1:DA9YZLe05ekoF8p9HgFZDIx9GCGbGEQBLQFDeJtfMk4=
github.com/usalko/s2d3/utils v0.1.0-alpha.2/go.mod h1:A10fysa3kWWXMVTXGLKkYjIP7gFg8EEiaK2ydoiumbc=
golang.org/x/net v0.22.0 h1:9sGLhx7iRIHEiX0oAJ3MRZMUCElJgy7Br1nO+AMN3Tc=
golang.org/x/net v0.22.0/go.mod h1:JKghWKKOSdJwpW2GEx0Ja7fmaKnMsbu+MWVZTokSYmg=
